
Microsoft Visual Studio Solution File, Format Version 12.00
# Visual Studio Version 16
VisualStudioVersion = 16.0.31911.196
MinimumVisualStudioVersion = 10.0.40219.1
Project("{FAE04EC0-301F-11D3-BF4B-00C04F79EFBC}") = "Modul1.Zadanie12", "Modul1.Zadanie12\Modul1.Zadanie12.csproj", "{CA4B5A8E-0A45-4E3C-B398-D53A93AD467F}"
EndProject
Global
	GlobalSection(SolutionConfigurationPlatforms) = preSolution
		Debug|Any CPU = Debug|Any CPU
		Release|Any CPU = Release|Any CPU
	EndGlobalSection
	GlobalSection(ProjectConfigurationPlatforms) = postSolution
		{CA4B5A8E-0A45-4E3C-B398-D53A93AD467F}.Debug|Any CPU.ActiveCfg = Debug|Any CPU
		{CA4B5A8E-0A45-4E3C-B398-D53A93AD467F}.Debug|Any CPU.Build.0 = Debug|Any CPU
		{CA4B5A8E-0A45-4E3C-B398-D53A93AD467F}.Release|Any CPU.ActiveCfg = Release|Any CPU
		{CA4B5A8E-0A45-4E3C-B398-D53A93AD467F}.Release|Any CPU.Build.0 = Release|Any CPU
	EndGlobalSection
	GlobalSection(SolutionProperties) = preSolution
		HideSolutionNode = FALSE
	EndGlobalSection
	GlobalSection(ExtensibilityGlobals) = postSolution
		SolutionGuid = {E5DC2DED-02DD-48BA-8899-51B42322917F}
	EndGlobalSection
EndGlobal
